github.com/hidetzu/prism v0.3.0 h1:1NRls+ILiZ4HMe97Pekg6xNb8b29SPCBc61hXnDQjPs=
github.com/hidetzu/prism v0.3.0/go.mod h1:glc8z2WfzGkO0XfO/c5JxDAY0xYu2KjD34EESm0UfOY=
golang.org/x/sync v0.23.0 h1:KameEIfc1IkluZyXWLn39Wd4tURc6GbCiISGiZm2bQk=
golang.org/x/sync v0.23.0/go.mod h1:sUUOizhqBxiL6pEWpqNLUiaJn1ShEbZ6BBqskPbjZm0=
golang.org/x/time v0.16.0 h1:vMb6ptszcQMkcwiRTAuNNU50gom6++Q/6gY2hDM6VDE=
golang.org/x/time v0.16.0/go.mod h1:rVKOqvZeKvrDKTQiAHJ7wmwP0RzleSphoEA9RcdLA0s=
